
Microsoft Visual Studio Solution File, Format Version 12.00
# Visual Studio 14
VisualStudioVersion = 14.0.25420.1
MinimumVisualStudioVersion = 10.0.40219.1
Project("{FAE04EC0-301F-11D3-BF4B-00C04F79EFBC}") = "DAL", "DAL\DAL.csproj", "{835ACE34-EA4D-4169-A45C-67C0192C14B9}"
EndProject
Project("{FAE04EC0-301F-11D3-BF4B-00C04F79EFBC}") = "BLL", "BLL\BLL.csproj", "{78C36D95-A6C4-4472-8D81-35EFAF4A8A33}"
EndProject
Project("{FAE04EC0-301F-11D3-BF4B-00C04F79EFBC}") = "Entities", "Entities\Entities.csproj", "{0F996FAE-8231-45C0-A4D4-8EBC8062DE92}"
EndProject
Project("{FAE04EC0-301F-11D3-BF4B-00C04F79EFBC}") = "WebMaoApp_MVC", "WebMaoApp_MVC\WebMaoApp_MVC.csproj", "{4486A461-4401-463E-BA3F-35C434938B64}"
EndProject
Global
	GlobalSection(SolutionConfigurationPlatforms) = preSolution
		Debug|Any CPU = Debug|Any CPU
		Release|Any CPU = Release|Any CPU
	EndGlobalSection
	GlobalSection(ProjectConfigurationPlatforms) = postSolution
		{835ACE34-EA4D-4169-A45C-67C0192C14B9}.Debug|Any CPU.ActiveCfg = Debug|Any CPU
		{835ACE34-EA4D-4169-A45C-67C0192C14B9}.Debug|Any CPU.Build.0 = Debug|Any CPU
		{835ACE34-EA4D-4169-A45C-67C0192C14B9}.Release|Any CPU.ActiveCfg = Release|Any CPU
		{835ACE34-EA4D-4169-A45C-67C0192C14B9}.Release|Any CPU.Build.0 = Release|Any CPU
		{78C36D95-A6C4-4472-8D81-35EFAF4A8A33}.Debug|Any CPU.ActiveCfg = Debug|Any CPU
		{78C36D95-A6C4-4472-8D81-35EFAF4A8A33}.Debug|Any CPU.Build.0 = Debug|Any CPU
		{78C36D95-A6C4-4472-8D81-35EFAF4A8A33}.Release|Any CPU.ActiveCfg = Release|Any CPU
		{78C36D95-A6C4-4472-8D81-35EFAF4A8A33}.Release|Any CPU.Build.0 = Release|Any CPU
		{0F996FAE-8231-45C0-A4D4-8EBC8062DE92}.Debug|Any CPU.ActiveCfg = Debug|Any CPU
		{0F996FAE-8231-45C0-A4D4-8EBC8062DE92}.Debug|Any CPU.Build.0 = Debug|Any CPU
		{0F996FAE-8231-45C0-A4D4-8EBC8062DE92}.Release|Any CPU.ActiveCfg = Release|Any CPU
		{0F996FAE-8231-45C0-A4D4-8EBC8062DE92}.Release|Any CPU.Build.0 = Release|Any CPU
		{4486A461-4401-463E-BA3F-35C434938B64}.Debug|Any CPU.ActiveCfg = Debug|Any CPU
		{4486A461-4401-463E-BA3F-35C434938B64}.Debug|Any CPU.Build.0 = Debug|Any CPU
		{4486A461-4401-463E-BA3F-35C434938B64}.Release|Any CPU.ActiveCfg = Release|Any CPU
		{4486A461-4401-463E-BA3F-35C434938B64}.Release|Any CPU.Build.0 = Release|Any CPU
	EndGlobalSection
	GlobalSection(SolutionProperties) = preSolution
		HideSolutionNode = FALSE
	EndGlobalSection
EndGlobal
